
Microsoft Visual Studio Solution File, Format Version 12.00
# Visual Studio Version 16
VisualStudioVersion = 16.0.30204.135
MinimumVisualStudioVersion = 10.0.40219.1
Project("{FAE04EC0-301F-11D3-BF4B-00C04F79EFBC}") = "BuilderPattern", "BuilderPattern.csproj", "{BE67BF3F-763D-4D46-8922-5D2AECE221DD}"
EndProject
Project("{FAE04EC0-301F-11D3-BF4B-00C04F79EFBC}") = "SingletonPattern", "..\SingletonPattern\SingletonPattern.csproj", "{41BC59AD-506E-427E-AB22-6398DBFB9003}"
EndProject
Project("{FAE04EC0-301F-11D3-BF4B-00C04F79EFBC}") = "FactoryPattern", "..\FactoryPattern\FactoryPattern.csproj", "{EF266986-F629-422E-BE78-6F6843DCE02C}"
EndProject
Project("{2150E333-8FDC-42A3-9474-1A3956D46DE8}") = "Builder", "Builder", "{713BD55C-BAA9-42C4-A4AB-18B93CA72039}"
EndProject
Project("{2150E333-8FDC-42A3-9474-1A3956D46DE8}") = "Factory", "Factory", "{42AC2DC0-5D0D-464B-A5FB-CC786FCA1E32}"
EndProject
Project("{2150E333-8FDC-42A3-9474-1A3956D46DE8}") = "Singleton", "Singleton", "{194FF225-E1AE-4D4E-A1F5-9848BB0E480F}"
EndProject
Project("{2150E333-8FDC-42A3-9474-1A3956D46DE8}") = "Adapter", "Adapter", "{512F3613-8360-4E1E-BAEF-8A8BED4E7F07}"
EndProject
Project("{FAE04EC0-301F-11D3-BF4B-00C04F79EFBC}") = "AdapterPattern", "..\AdapterPattern\AdapterPattern.csproj", "{EFCCCDD9-6FE1-4FEB-A245-26C5AAB979E7}"
EndProject
Project("{FAE04EC0-301F-11D3-BF4B-00C04F79EFBC}") = "Domain", "..\Domain\Domain.csproj", "{52D237A3-85E3-46C1-AAF9-203E11CAE572}"
EndProject
Project("{FAE04EC0-301F-11D3-BF4B-00C04F79EFBC}") = "Repository", "..\Repository\Repository.csproj", "{0AAE66B5-F76E-4278-9441-166D57529606}"
EndProject
Global
	GlobalSection(SolutionConfigurationPlatforms) = preSolution
		Debug|Any CPU = Debug|Any CPU
		Release|Any CPU = Release|Any CPU
	EndGlobalSection
	GlobalSection(ProjectConfigurationPlatforms) = postSolution
		{BE67BF3F-763D-4D46-8922-5D2AECE221DD}.Debug|Any CPU.ActiveCfg = Debug|Any CPU
		{BE67BF3F-763D-4D46-8922-5D2AECE221DD}.Debug|Any CPU.Build.0 = Debug|Any CPU
		{BE67BF3F-763D-4D46-8922-5D2AECE221DD}.Release|Any CPU.ActiveCfg = Release|Any CPU
		{BE67BF3F-763D-4D46-8922-5D2AECE221DD}.Release|Any CPU.Build.0 = Release|Any CPU
		{41BC59AD-506E-427E-AB22-6398DBFB9003}.Debug|Any CPU.ActiveCfg = Debug|Any CPU
		{41BC59AD-506E-427E-AB22-6398DBFB9003}.Debug|Any CPU.Build.0 = Debug|Any CPU
		{41BC59AD-506E-427E-AB22-6398DBFB9003}.Release|Any CPU.ActiveCfg = Release|Any CPU
		{41BC59AD-506E-427E-AB22-6398DBFB9003}.Release|Any CPU.Build.0 = Release|Any CPU
		{EF266986-F629-422E-BE78-6F6843DCE02C}.Debug|Any CPU.ActiveCfg = Debug|Any CPU
		{EF266986-F629-422E-BE78-6F6843DCE02C}.Debug|Any CPU.Build.0 = Debug|Any CPU
		{EF266986-F629-422E-BE78-6F6843DCE02C}.Release|Any CPU.ActiveCfg = Release|Any CPU
		{EF266986-F629-422E-BE78-6F6843DCE02C}.Release|Any CPU.Build.0 = Release|Any CPU
		{EFCCCDD9-6FE1-4FEB-A245-26C5AAB979E7}.Debug|Any CPU.ActiveCfg = Debug|Any CPU
		{EFCCCDD9-6FE1-4FEB-A245-26C5AAB979E7}.Debug|Any CPU.Build.0 = Debug|Any CPU
		{EFCCCDD9-6FE1-4FEB-A245-26C5AAB979E7}.Release|Any CPU.ActiveCfg = Release|Any CPU
		{EFCCCDD9-6FE1-4FEB-A245-26C5AAB979E7}.Release|Any CPU.Build.0 = Release|Any CPU
		{52D237A3-85E3-46C1-AAF9-203E11CAE572}.Debug|Any CPU.ActiveCfg = Debug|Any CPU
		{52D237A3-85E3-46C1-AAF9-203E11CAE572}.Debug|Any CPU.Build.0 = Debug|Any CPU
		{52D237A3-85E3-46C1-AAF9-203E11CAE572}.Release|Any CPU.ActiveCfg = Release|Any CPU
		{52D237A3-85E3-46C1-AAF9-203E11CAE572}.Release|Any CPU.Build.0 = Release|Any CPU
		{0AAE66B5-F76E-4278-9441-166D57529606}.Debug|Any CPU.ActiveCfg = Debug|Any CPU
		{0AAE66B5-F76E-4278-9441-166D57529606}.Debug|Any CPU.Build.0 = Debug|Any CPU
		{0AAE66B5-F76E-4278-9441-166D57529606}.Release|Any CPU.ActiveCfg = Release|Any CPU
		{0AAE66B5-F76E-4278-9441-166D57529606}.Release|Any CPU.Build.0 = Release|Any CPU
	EndGlobalSection
	GlobalSection(SolutionProperties) = preSolution
		HideSolutionNode = FALSE
	EndGlobalSection
	GlobalSection(NestedProjects) = preSolution
		{BE67BF3F-763D-4D46-8922-5D2AECE221DD} = {713BD55C-BAA9-42C4-A4AB-18B93CA72039}
		{41BC59AD-506E-427E-AB22-6398DBFB9003} = {194FF225-E1AE-4D4E-A1F5-9848BB0E480F}
		{EF266986-F629-422E-BE78-6F6843DCE02C} = {42AC2DC0-5D0D-464B-A5FB-CC786FCA1E32}
		{EFCCCDD9-6FE1-4FEB-A245-26C5AAB979E7} = {512F3613-8360-4E1E-BAEF-8A8BED4E7F07}
		{52D237A3-85E3-46C1-AAF9-203E11CAE572} = {512F3613-8360-4E1E-BAEF-8A8BED4E7F07}
		{0AAE66B5-F76E-4278-9441-166D57529606} = {512F3613-8360-4E1E-BAEF-8A8BED4E7F07}
	EndGlobalSection
	GlobalSection(ExtensibilityGlobals) = postSolution
		SolutionGuid = {5D7947FE-6236-4B77-871A-05DA3168AE91}
	EndGlobalSection
EndGlobal
