
Microsoft Visual Studio Solution File, Format Version 12.00
# Visual Studio Version 16
VisualStudioVersion = 16.0.30204.135
MinimumVisualStudioVersion = 10.0.40219.1
Project("{FAE04EC0-301F-11D3-BF4B-00C04F79EFBC}") = "BuilderPattern", "BuilderPattern.csproj", "{BE67BF3F-763D-4D46-8922-5D2AECE221DD}"
EndProject
Project("{FAE04EC0-301F-11D3-BF4B-00C04F79EFBC}") = "SingletonPattern", "..\SingletonPattern\SingletonPattern.csproj", "{41BC59AD-506E-427E-AB22-6398DBFB9003}"
EndProject
Project("{FAE04EC0-301F-11D3-BF4B-00C04F79EFBC}") = "FactoryPattern", "..\FactoryPattern\FactoryPattern.csproj", "{EF266986-F629-422E-BE78-6F6843DCE02C}"
EndProject
Project("{2150E333-8FDC-42A3-9474-1A3956D46DE8}") = "Builder", "Builder", "{713BD55C-BAA9-42C4-A4AB-18B93CA72039}"
EndProject
Project("{2150E333-8FDC-42A3-9474-1A3956D46DE8}") = "Factory", "Factory", "{42AC2DC0-5D0D-464B-A5FB-CC786FCA1E32}"
EndProject
Project("{2150E333-8FDC-42A3-9474-1A3956D46DE8}") = "Singleton", "Singleton", "{194FF225-E1AE-4D4E-A1F5-9848BB0E480F}"
EndProject
Project("{2150E333-8FDC-42A3-9474-1A3956D46DE8}") = "Adapter", "Adapter", "{512F3613-8360-4E1E-BAEF-8A8BED4E7F07}"
EndProject
Project("{FAE04EC0-301F-11D3-BF4B-00C04F79EFBC}") = "AdapterPattern", "..\AdapterPattern\AdapterPattern.csproj", "{EFCCCDD9-6FE1-4FEB-A245-26C5AAB979E7}"
EndProject
Project("{FAE04EC0-301F-11D3-BF4B-00C04F79EFBC}") = "Service", "..\Service\Service.csproj", "{172B45F0-5974-4F51-B292-524D30A6EE04}"
EndProject
Project("{FAE04EC0-301F-11D3-BF4B-00C04F79EFBC}") = "Domain", "..\Domain\Domain.csproj", "{4C6AEB24-4238-404B-B721-E3E00A48629F}"
EndProject
Project("{FAE04EC0-301F-11D3-BF4B-00C04F79EFBC}") = "Repository", "..\Repository\Repository.csproj", "{7F65DC56-792C-49E4-818A-6985C7671F7D}"
EndProject
Project("{2150E333-8FDC-42A3-9474-1A3956D46DE8}") = "Prototype", "Prototype", "{889AE20E-2C36-4E4E-9F24-5688877B5712}"
EndProject
Project("{FAE04EC0-301F-11D3-BF4B-00C04F79EFBC}") = "PrototypePattern", "..\PrototypePattern\PrototypePattern.csproj", "{33B5F848-CCF8-4E3D-B7E4-E037E7A4F77D}"
EndProject
Global
	GlobalSection(SolutionConfigurationPlatforms) = preSolution
		Debug|Any CPU = Debug|Any CPU
		Release|Any CPU = Release|Any CPU
	EndGlobalSection
	GlobalSection(ProjectConfigurationPlatforms) = postSolution
		{BE67BF3F-763D-4D46-8922-5D2AECE221DD}.Debug|Any CPU.ActiveCfg = Debug|Any CPU
		{BE67BF3F-763D-4D46-8922-5D2AECE221DD}.Debug|Any CPU.Build.0 = Debug|Any CPU
		{BE67BF3F-763D-4D46-8922-5D2AECE221DD}.Release|Any CPU.ActiveCfg = Release|Any CPU
		{BE67BF3F-763D-4D46-8922-5D2AECE221DD}.Release|Any CPU.Build.0 = Release|Any CPU
		{41BC59AD-506E-427E-AB22-6398DBFB9003}.Debug|Any CPU.ActiveCfg = Debug|Any CPU
		{41BC59AD-506E-427E-AB22-6398DBFB9003}.Debug|Any CPU.Build.0 = Debug|Any CPU
		{41BC59AD-506E-427E-AB22-6398DBFB9003}.Release|Any CPU.ActiveCfg = Release|Any CPU
		{41BC59AD-506E-427E-AB22-6398DBFB9003}.Release|Any CPU.Build.0 = Release|Any CPU
		{EF266986-F629-422E-BE78-6F6843DCE02C}.Debug|Any CPU.ActiveCfg = Debug|Any CPU
		{EF266986-F629-422E-BE78-6F6843DCE02C}.Debug|Any CPU.Build.0 = Debug|Any CPU
		{EF266986-F629-422E-BE78-6F6843DCE02C}.Release|Any CPU.ActiveCfg = Release|Any CPU
		{EF266986-F629-422E-BE78-6F6843DCE02C}.Release|Any CPU.Build.0 = Release|Any CPU
		{EFCCCDD9-6FE1-4FEB-A245-26C5AAB979E7}.Debug|Any CPU.ActiveCfg = Debug|Any CPU
		{EFCCCDD9-6FE1-4FEB-A245-26C5AAB979E7}.Debug|Any CPU.Build.0 = Debug|Any CPU
		{EFCCCDD9-6FE1-4FEB-A245-26C5AAB979E7}.Release|Any CPU.ActiveCfg = Release|Any CPU
		{EFCCCDD9-6FE1-4FEB-A245-26C5AAB979E7}.Release|Any CPU.Build.0 = Release|Any CPU
		{172B45F0-5974-4F51-B292-524D30A6EE04}.Debug|Any CPU.ActiveCfg = Debug|Any CPU
		{172B45F0-5974-4F51-B292-524D30A6EE04}.Debug|Any CPU.Build.0 = Debug|Any CPU
		{172B45F0-5974-4F51-B292-524D30A6EE04}.Release|Any CPU.ActiveCfg = Release|Any CPU
		{172B45F0-5974-4F51-B292-524D30A6EE04}.Release|Any CPU.Build.0 = Release|Any CPU
		{4C6AEB24-4238-404B-B721-E3E00A48629F}.Debug|Any CPU.ActiveCfg = Debug|Any CPU
		{4C6AEB24-4238-404B-B721-E3E00A48629F}.Debug|Any CPU.Build.0 = Debug|Any CPU
		{4C6AEB24-4238-404B-B721-E3E00A48629F}.Release|Any CPU.ActiveCfg = Release|Any CPU
		{4C6AEB24-4238-404B-B721-E3E00A48629F}.Release|Any CPU.Build.0 = Release|Any CPU
		{7F65DC56-792C-49E4-818A-6985C7671F7D}.Debug|Any CPU.ActiveCfg = Debug|Any CPU
		{7F65DC56-792C-49E4-818A-6985C7671F7D}.Debug|Any CPU.Build.0 = Debug|Any CPU
		{7F65DC56-792C-49E4-818A-6985C7671F7D}.Release|Any CPU.ActiveCfg = Release|Any CPU
		{7F65DC56-792C-49E4-818A-6985C7671F7D}.Release|Any CPU.Build.0 = Release|Any CPU
		{33B5F848-CCF8-4E3D-B7E4-E037E7A4F77D}.Debug|Any CPU.ActiveCfg = Debug|Any CPU
		{33B5F848-CCF8-4E3D-B7E4-E037E7A4F77D}.Debug|Any CPU.Build.0 = Debug|Any CPU
		{33B5F848-CCF8-4E3D-B7E4-E037E7A4F77D}.Release|Any CPU.ActiveCfg = Release|Any CPU
		{33B5F848-CCF8-4E3D-B7E4-E037E7A4F77D}.Release|Any CPU.Build.0 = Release|Any CPU
	EndGlobalSection
	GlobalSection(SolutionProperties) = preSolution
		HideSolutionNode = FALSE
	EndGlobalSection
	GlobalSection(NestedProjects) = preSolution
		{BE67BF3F-763D-4D46-8922-5D2AECE221DD} = {713BD55C-BAA9-42C4-A4AB-18B93CA72039}
		{41BC59AD-506E-427E-AB22-6398DBFB9003} = {194FF225-E1AE-4D4E-A1F5-9848BB0E480F}
		{EF266986-F629-422E-BE78-6F6843DCE02C} = {42AC2DC0-5D0D-464B-A5FB-CC786FCA1E32}
		{EFCCCDD9-6FE1-4FEB-A245-26C5AAB979E7} = {512F3613-8360-4E1E-BAEF-8A8BED4E7F07}
		{172B45F0-5974-4F51-B292-524D30A6EE04} = {512F3613-8360-4E1E-BAEF-8A8BED4E7F07}
		{4C6AEB24-4238-404B-B721-E3E00A48629F} = {512F3613-8360-4E1E-BAEF-8A8BED4E7F07}
		{7F65DC56-792C-49E4-818A-6985C7671F7D} = {512F3613-8360-4E1E-BAEF-8A8BED4E7F07}
		{33B5F848-CCF8-4E3D-B7E4-E037E7A4F77D} = {889AE20E-2C36-4E4E-9F24-5688877B5712}
	EndGlobalSection
	GlobalSection(ExtensibilityGlobals) = postSolution
		SolutionGuid = {5D7947FE-6236-4B77-871A-05DA3168AE91}
	EndGlobalSection
EndGlobal
